<Solution>
  <Project Path="DevKnowledge.API/DevKnowledge.API.csproj" />
  <Project Path="DevKnowledge.Application/DevKnowledge.Application.csproj" />
  <Project Path="DevKnowledge.Domain/DevKnowledge.Domain.csproj" />
  <Project Path="DevKnowledge.Infrastructure/DevKnowledge.Infrastructure.csproj" />
</Solution>
